NeoBundleLock Align 787662fe90cd057942bc5b682fd70c87e1a9dd77
NeoBundleLock SQLUtilities 566184530da81aa05ae4ac4ba6cf5034292a9b89
NeoBundleLock gitv 16904714a3d883396bd95e4487c3b1000f7118d1
NeoBundleLock jellybeans.vim fd089ca8a242263f61ae7bddce55a007d535bc65
NeoBundleLock neobundle.vim 88951d60547595606ea0ca8f28f643d2506f2714
NeoBundleLock neocomplcache.vim 778181767467b8f8016828898779a646074d883a
NeoBundleLock neocomplete.vim 4bf7526a1c8cca9f8614e8a09178f334eaca0481
NeoBundleLock neosnippet-snippets c7826ff876cd498c543802130d2b1cbe91ac0db2
NeoBundleLock neosnippet.vim a1508f88729e1c5912dd12417553f178494c4dd2
NeoBundleLock nerdcommenter 97cb982f1f0d0631b34b71b065e162916bee4036
NeoBundleLock nerdtree eee431dbd44111c858c6d33ffd366cae1f17f8b3
NeoBundleLock rspec.vim 36c9dbc8b923fa2c3b37fbe148e65b097cbd8097
NeoBundleLock surround.vim 324a8735bb82193a1a413e207dc1aaf60f3a1d82
NeoBundleLock syntastic e84f80a68ae7a5b03995ad712f8fbdc8483f0fd8
NeoBundleLock tagbar 56bee63e17924852caf19eb28b7173e5b6b5b4e9
NeoBundleLock tomorrow-theme 0e0d35ac303f99b8aa182091ebeaee81cf2183a0
NeoBundleLock unite-font 9a15810d569d7ac242a76a4f80d142883bec497f
NeoBundleLock unite-locate d0b9722096b4a04434ec875a40683739540d3347
NeoBundleLock unite-webcolorname 195ace131bf0270426c2baff95913401db722b39
NeoBundleLock unite.vim e34bc1977663d0f48c692e466be64a949f4c03d9
NeoBundleLock vim-airline 0ea4daa10350797a949e4354a1dece1b1647e351
NeoBundleLock vim-easytags 72a8753b5d0a951e547c51b13633f680a95b5483
NeoBundleLock vim-fugitive 58ed86e434951319ff7d438fb1096f24a51e6458
NeoBundleLock vim-go 10c805b83f160eb9e7f9cbe00d26c1b6d06ba636
NeoBundleLock vim-jade f3950a72ea92f2c372846e763dad1f1151a38fb1
NeoBundleLock vim-javascript 997c2b12f5fffedd3a787b8840dfe710b2e6d3f9
NeoBundleLock vim-misc 3e6b8fb6f03f13434543ce1f5d24f6a5d3f34f0b
NeoBundleLock vim-quickrun c4c368c835b91c012b011dde613a914c0e167fd0
NeoBundleLock vim-twig cd936524f34fc47bcb1f46a03c5614208c42383e
NeoBundleLock vimdoc-ja 64bc5660247bb565c3ead305eff7be76e3a3247e
NeoBundleLock vimfiler.vim 1f00a8a5c48714ae88e7a573429beef447003a5d
NeoBundleLock vimproc 25cb83f24edec4aec1e9f1329302235e7a7a7fe0
NeoBundleLock winresizer 1fd009fe0f94cf9d8cf83b0011a5719b2b2919f6
